{
  "version": 4,
  "terraform_version": "1.3.0",
  "serial": 169,
  "lineage": "5158ceba-e37f-a3e6-2a4b-72139d2b50e2",
  "outputs": {
    "vault_admin_token": {
      "value": "hvs.CAESINseJRj8eFGyzX08hAwWZh5n3fMYs_teoq9ca9zWtuS6GicKImh2cy5qOE9Sc1dXWFlmVFFYTTdSSm1Jcmh0TkIuU3lJVjgQ21Y",
      "type": "string",
      "sensitive": true
    }
  },
  "resources": [
    {
      "mode": "data",
      "type": "aws_arn",
      "name": "peer",
      "provider": "provider[\"registry.terraform.io/hashicorp/aws\"]",
      "instances": [
        {
          "schema_version": 0,
          "attributes": {
            "account": "126531806131",
            "arn": "arn:aws:ec2:us-west-2:126531806131:vpc/vpc-01d340dc4b3fc70e2",
            "id": "arn:aws:ec2:us-west-2:126531806131:vpc/vpc-01d340dc4b3fc70e2",
            "partition": "aws",
            "region": "us-west-2",
            "resource": "vpc/vpc-01d340dc4b3fc70e2",
            "service": "ec2"
          },
          "sensitive_attributes": []
        }
      ]
    },
    {
      "mode": "managed",
      "type": "aws_default_route_table",
      "name": "main",
      "provider": "provider[\"registry.terraform.io/hashicorp/aws\"]",
      "instances": [
        {
          "schema_version": 0,
          "attributes": {
            "arn": "arn:aws:ec2:us-west-2:126531806131:route-table/rtb-0e9ebb6d6293aec87",
            "default_route_table_id": "rtb-0e9ebb6d6293aec87",
            "id": "rtb-0e9ebb6d6293aec87",
            "owner_id": "126531806131",
            "propagating_vgws": [],
            "route": [
              {
                "cidr_block": "0.0.0.0/0",
                "core_network_arn": "",
                "destination_prefix_list_id": "",
                "egress_only_gateway_id": "",
                "gateway_id": "igw-06d439304eedf5b56",
                "instance_id": "",
                "ipv6_cidr_block": "",
                "nat_gateway_id": "",
                "network_interface_id": "",
                "transit_gateway_id": "",
                "vpc_endpoint_id": "",
                "vpc_peering_connection_id": ""
              },
              {
                "cidr_block": "10.1.0.0/16",
                "core_network_arn": "",
                "destination_prefix_list_id": "",
                "egress_only_gateway_id": "",
                "gateway_id": "",
                "instance_id": "",
                "ipv6_cidr_block": "",
                "nat_gateway_id": "",
                "network_interface_id": "",
                "transit_gateway_id": "",
                "vpc_endpoint_id": "",
                "vpc_peering_connection_id": "pcx-0c093a40db28f7b38"
              }
            ],
            "tags": {},
            "tags_all": {},
            "timeouts": null,
            "vpc_id": "vpc-01d340dc4b3fc70e2"
          },
          "sensitive_attributes": [],
          "private": "eyJlMmJmYjczMC1lY2FhLTExZTYtOGY4OC0zNDM2M2JjN2M0YzAiOnsiY3JlYXRlIjoxMjAwMDAwMDAwMDAsInVwZGF0ZSI6MTIwMDAwMDAwMDAwfX0=",
          "dependencies": [
            "aws_internet_gateway.igw",
            "aws_vpc.main",
            "data.aws_arn.peer",
            "hcp_aws_network_peering.main",
            "hcp_hvn.main"
          ]
        }
      ]
    },
    {
      "mode": "managed",
      "type": "aws_internet_gateway",
      "name": "igw",
      "provider": "provider[\"registry.terraform.io/hashicorp/aws\"]",
      "instances": [
        {
          "schema_version": 0,
          "attributes": {
            "arn": "arn:aws:ec2:us-west-2:126531806131:internet-gateway/igw-06d439304eedf5b56",
            "id": "igw-06d439304eedf5b56",
            "owner_id": "126531806131",
            "tags": {},
            "tags_all": {},
            "timeouts": null,
            "vpc_id": "vpc-01d340dc4b3fc70e2"
          },
          "sensitive_attributes": [],
          "private": "eyJlMmJmYjczMC1lY2FhLTExZTYtOGY4OC0zNDM2M2JjN2M0YzAiOnsiY3JlYXRlIjoxMjAwMDAwMDAwMDAwLCJkZWxldGUiOjEyMDAwMDAwMDAwMDAsInVwZGF0ZSI6MTIwMDAwMDAwMDAwMH19",
          "dependencies": [
            "aws_vpc.main"
          ]
        }
      ]
    },
    {
      "mode": "managed",
      "type": "aws_key_pair",
      "name": "demo_nodejs_key",
      "provider": "provider[\"registry.terraform.io/hashicorp/aws\"]",
      "instances": [
        {
          "schema_version": 1,
          "attributes": {
            "arn": "arn:aws:ec2:us-west-2:126531806131:key-pair/demo-nodejs-key",
            "fingerprint": "e8:70:4b:e4:39:06:ee:8a:6a:0b:3d:77:ee:b3:b1:b3",
            "id": "demo-nodejs-key",
            "key_name": "demo-nodejs-key",
            "key_name_prefix": "",
            "key_pair_id": "key-07c5f80ada4f0b6d4",
            "key_type": "rsa",
            "public_key": "ssh-rsa AAAAB3NzaC1yc2EAAAADAQABAAABgQDAIUS2sfVM4VLaiZ4mOVKBN9ETfwH94RbXn14TW3Ncg0EjVlUqxLID8K6d7qWtXqCc+1PUGwKA6XD7rKZFDBAHoiwfy77bQdofe2IQ/FwdZXW7UDF4mzYL3Mywt2xJsIlSbvA3Djw/NmEgY2a0JRO5xKnbaNltbHtGApYQPxUqJQy8/EUHOy6gXj7PIg/05I6JduuCJqrczil8x6QARH7z5v6u9QAlEVImFQrG7of+xf6NIRN8Vay2jQf1iRqQewRzVoX48f6uaL2qQlXf3v+U2vC4FI4MHpztHuYEcwf2L7KGzYeK+yFKrQaQcHCAYt02SxyyoHAL0VCJ7btwAgOYPl5jXvHbatf1OsjnaGUOriENvVvlWXV/nY9vw6iHPf7GaI3DSlo8K2P0XC4xXebMwyOV1rk85EeSTLQqAmxWD3BjB+Jj3lukEVpyQxfxSwEjW4zJl4x7GJSbqi4R6DZPbtnzjkFTetCY4UeprTmhf6M4hjVHLPRBijSdINuqL5k= sirinatpaphatsirinatthi@Sirinats-MacBook-Pro.local",
            "tags": {},
            "tags_all": {}
          },
          "sensitive_attributes": [],
          "private": "eyJzY2hlbWFfdmVyc2lvbiI6IjEifQ=="
        }
      ]
    },
    {
      "mode": "managed",
      "type": "aws_subnet",
      "name": "main",
      "provider": "provider[\"registry.terraform.io/hashicorp/aws\"]",
      "instances": [
        {
          "schema_version": 1,
          "attributes": {
            "arn": "arn:aws:ec2:us-west-2:126531806131:subnet/subnet-0416190dbc0c8db53",
            "assign_ipv6_address_on_creation": false,
            "availability_zone": "us-west-2d",
            "availability_zone_id": "usw2-az4",
            "cidr_block": "10.2.1.0/24",
            "customer_owned_ipv4_pool": "",
            "enable_dns64": false,
            "enable_resource_name_dns_a_record_on_launch": false,
            "enable_resource_name_dns_aaaa_record_on_launch": false,
            "id": "subnet-0416190dbc0c8db53",
            "ipv6_cidr_block": "",
            "ipv6_cidr_block_association_id": "",
            "ipv6_native": false,
            "map_customer_owned_ip_on_launch": false,
            "map_public_ip_on_launch": false,
            "outpost_arn": "",
            "owner_id": "126531806131",
            "private_dns_hostname_type_on_launch": "ip-name",
            "tags": {},
            "tags_all": {},
            "timeouts": null,
            "vpc_id": "vpc-01d340dc4b3fc70e2"
          },
          "sensitive_attributes": [],
          "private": "eyJlMmJmYjczMC1lY2FhLTExZTYtOGY4OC0zNDM2M2JjN2M0YzAiOnsiY3JlYXRlIjo2MDAwMDAwMDAwMDAsImRlbGV0ZSI6MTIwMDAwMDAwMDAwMH0sInNjaGVtYV92ZXJzaW9uIjoiMSJ9",
          "dependencies": [
            "aws_vpc.main"
          ]
        }
      ]
    },
    {
      "mode": "managed",
      "type": "aws_vpc",
      "name": "main",
      "provider": "provider[\"registry.terraform.io/hashicorp/aws\"]",
      "instances": [
        {
          "schema_version": 1,
          "attributes": {
            "arn": "arn:aws:ec2:us-west-2:126531806131:vpc/vpc-01d340dc4b3fc70e2",
            "assign_generated_ipv6_cidr_block": false,
            "cidr_block": "10.2.0.0/16",
            "default_network_acl_id": "acl-0fac1728173894ad5",
            "default_route_table_id": "rtb-0e9ebb6d6293aec87",
            "default_security_group_id": "sg-0093f09dac5a75417",
            "dhcp_options_id": "dopt-bd5afdc5",
            "enable_classiclink": false,
            "enable_classiclink_dns_support": false,
            "enable_dns_hostnames": false,
            "enable_dns_support": true,
            "enable_network_address_usage_metrics": false,
            "id": "vpc-01d340dc4b3fc70e2",
            "instance_tenancy": "default",
            "ipv4_ipam_pool_id": null,
            "ipv4_netmask_length": null,
            "ipv6_association_id": "",
            "ipv6_cidr_block": "",
            "ipv6_cidr_block_network_border_group": "",
            "ipv6_ipam_pool_id": "",
            "ipv6_netmask_length": 0,
            "main_route_table_id": "rtb-0e9ebb6d6293aec87",
            "owner_id": "126531806131",
            "tags": {},
            "tags_all": {}
          },
          "sensitive_attributes": [],
          "private": "eyJzY2hlbWFfdmVyc2lvbiI6IjEifQ==",
          "create_before_destroy": true
        }
      ]
    },
    {
      "mode": "managed",
      "type": "aws_vpc_peering_connection_accepter",
      "name": "main",
      "provider": "provider[\"registry.terraform.io/hashicorp/aws\"]",
      "instances": [
        {
          "schema_version": 0,
          "attributes": {
            "accept_status": "active",
            "accepter": [
              {
                "allow_classic_link_to_remote_vpc": false,
                "allow_remote_vpc_dns_resolution": false,
                "allow_vpc_to_remote_classic_link": false
              }
            ],
            "auto_accept": true,
            "id": "pcx-0c093a40db28f7b38",
            "peer_owner_id": "465695149806",
            "peer_region": "us-west-2",
            "peer_vpc_id": "vpc-06a5582ac31e13b1b",
            "requester": [],
            "tags": {},
            "tags_all": {},
            "timeouts": null,
            "vpc_id": "vpc-01d340dc4b3fc70e2",
            "vpc_peering_connection_id": "pcx-0c093a40db28f7b38"
          },
          "sensitive_attributes": [],
          "private": "eyJlMmJmYjczMC1lY2FhLTExZTYtOGY4OC0zNDM2M2JjN2M0YzAiOnsiY3JlYXRlIjo2MDAwMDAwMDAwMCwidXBkYXRlIjo2MDAwMDAwMDAwMH19",
          "dependencies": [
            "aws_vpc.main",
            "data.aws_arn.peer",
            "hcp_aws_network_peering.main",
            "hcp_hvn.main"
          ]
        }
      ]
    },
    {
      "mode": "managed",
      "type": "hcp_aws_network_peering",
      "name": "main",
      "provider": "provider[\"registry.terraform.io/hashicorp/hcp\"]",
      "instances": [
        {
          "schema_version": 0,
          "attributes": {
            "created_at": "2022-11-16T17:33:18.000Z",
            "expires_at": "2022-11-23T17:33:18.000Z",
            "hvn_id": "main-hvn",
            "id": "/project/00779297-c2fe-4b30-bad1-1c0431c0ab4a/hashicorp.network.peering/main",
            "organization_id": "9d686bc7-4c80-41e6-be38-6b49b79522af",
            "peer_account_id": "126531806131",
            "peer_vpc_id": "vpc-01d340dc4b3fc70e2",
            "peer_vpc_region": "us-west-2",
            "peering_id": "main",
            "project_id": "00779297-c2fe-4b30-bad1-1c0431c0ab4a",
            "provider_peering_id": "pcx-0c093a40db28f7b38",
            "self_link": "/project/00779297-c2fe-4b30-bad1-1c0431c0ab4a/hashicorp.network.peering/main",
            "state": "ACTIVE",
            "timeouts": null
          },
          "sensitive_attributes": [],
          "private": "eyJlMmJmYjczMC1lY2FhLTExZTYtOGY4OC0zNDM2M2JjN2M0YzAiOnsiY3JlYXRlIjoyMTAwMDAwMDAwMDAwLCJkZWZhdWx0Ijo2MDAwMDAwMDAwMCwiZGVsZXRlIjoyMTAwMDAwMDAwMDAwLCJyZWFkIjo2MDAwMDAwMDAwMCwidXBkYXRlIjo2MDAwMDAwMDAwMH19",
          "dependencies": [
            "aws_vpc.main",
            "data.aws_arn.peer",
            "hcp_hvn.main"
          ]
        }
      ]
    },
    {
      "mode": "managed",
      "type": "hcp_hvn",
      "name": "main",
      "provider": "provider[\"registry.terraform.io/hashicorp/hcp\"]",
      "instances": [
        {
          "schema_version": 0,
          "attributes": {
            "cidr_block": "10.1.0.0/16",
            "cloud_provider": "aws",
            "created_at": "2022-11-15T16:36:11.000Z",
            "hvn_id": "main-hvn",
            "id": "/project/00779297-c2fe-4b30-bad1-1c0431c0ab4a/hashicorp.network.hvn/main-hvn",
            "organization_id": "9d686bc7-4c80-41e6-be38-6b49b79522af",
            "project_id": "00779297-c2fe-4b30-bad1-1c0431c0ab4a",
            "provider_account_id": "465695149806",
            "region": "us-west-2",
            "self_link": "/project/00779297-c2fe-4b30-bad1-1c0431c0ab4a/hashicorp.network.hvn/main-hvn",
            "state": "STABLE",
            "timeouts": null
          },
          "sensitive_attributes": [],
          "private": "eyJlMmJmYjczMC1lY2FhLTExZTYtOGY4OC0zNDM2M2JjN2M0YzAiOnsiY3JlYXRlIjo2MDAwMDAwMDAwMDAsImRlZmF1bHQiOjYwMDAwMDAwMDAwLCJkZWxldGUiOjYwMDAwMDAwMDAwMCwicmVhZCI6NjAwMDAwMDAwMDAsInVwZGF0ZSI6NjAwMDAwMDAwMDB9fQ=="
        }
      ]
    },
    {
      "mode": "managed",
      "type": "hcp_hvn_route",
      "name": "main",
      "provider": "provider[\"registry.terraform.io/hashicorp/hcp\"]",
      "instances": [
        {
          "schema_version": 0,
          "attributes": {
            "created_at": "2022-11-16T17:33:25.000Z",
            "destination_cidr": "10.2.0.0/16",
            "hvn_link": "/project/00779297-c2fe-4b30-bad1-1c0431c0ab4a/hashicorp.network.hvn/main-hvn",
            "hvn_route_id": "main",
            "id": "/project/00779297-c2fe-4b30-bad1-1c0431c0ab4a/hashicorp.network.route/main",
            "self_link": "/project/00779297-c2fe-4b30-bad1-1c0431c0ab4a/hashicorp.network.route/main",
            "state": "ACTIVE",
            "target_link": "/project/00779297-c2fe-4b30-bad1-1c0431c0ab4a/hashicorp.network.peering/main",
            "timeouts": null
          },
          "sensitive_attributes": [],
          "private": "eyJlMmJmYjczMC1lY2FhLTExZTYtOGY4OC0zNDM2M2JjN2M0YzAiOnsiY3JlYXRlIjoyMTAwMDAwMDAwMDAwLCJkZWZhdWx0Ijo2MDAwMDAwMDAwMCwiZGVsZXRlIjoxNTAwMDAwMDAwMDAwLCJyZWFkIjo2MDAwMDAwMDAwMCwidXBkYXRlIjo2MDAwMDAwMDAwMH19",
          "dependencies": [
            "aws_vpc.main",
            "data.aws_arn.peer",
            "hcp_aws_network_peering.main",
            "hcp_hvn.main"
          ]
        }
      ]
    },
    {
      "mode": "managed",
      "type": "hcp_vault_cluster",
      "name": "main",
      "provider": "provider[\"registry.terraform.io/hashicorp/hcp\"]",
      "instances": [
        {
          "schema_version": 0,
          "attributes": {
            "audit_log_config": [],
            "cloud_provider": "aws",
            "cluster_id": "main-vault",
            "created_at": "2022-11-16T18:05:00.501Z",
            "hvn_id": "main-hvn",
            "id": "/project/00779297-c2fe-4b30-bad1-1c0431c0ab4a/hashicorp.vault.cluster/main-vault",
            "major_version_upgrade_config": [
              {
                "maintenance_window_day": "",
                "maintenance_window_time": "",
                "upgrade_type": "AUTOMATIC"
              }
            ],
            "metrics_config": [],
            "min_vault_version": null,
            "namespace": "admin",
            "organization_id": "9d686bc7-4c80-41e6-be38-6b49b79522af",
            "paths_filter": null,
            "primary_link": null,
            "project_id": "00779297-c2fe-4b30-bad1-1c0431c0ab4a",
            "public_endpoint": true,
            "region": "us-west-2",
            "self_link": "/project/00779297-c2fe-4b30-bad1-1c0431c0ab4a/hashicorp.vault.cluster/main-vault",
            "state": "RUNNING",
            "tier": "DEV",
            "timeouts": null,
            "vault_private_endpoint_url": "https://main-vault-private-vault-c19d2835.e11c0ec5.z1.hashicorp.cloud:8200",
            "vault_public_endpoint_url": "https://main-vault-public-vault-c19d2835.e11c0ec5.z1.hashicorp.cloud:8200",
            "vault_version": "v1.12.0"
          },
          "sensitive_attributes": [],
          "private": "eyJlMmJmYjczMC1lY2FhLTExZTYtOGY4OC0zNDM2M2JjN2M0YzAiOnsiY3JlYXRlIjoyMTAwMDAwMDAwMDAwLCJkZWZhdWx0IjozMDAwMDAwMDAwMDAsImRlbGV0ZSI6MTUwMDAwMDAwMDAwMCwicmVhZCI6MzAwMDAwMDAwMDAwLCJ1cGRhdGUiOjIxMDAwMDAwMDAwMDB9fQ==",
          "dependencies": [
            "hcp_hvn.main"
          ]
        }
      ]
    },
    {
      "mode": "managed",
      "type": "hcp_vault_cluster_admin_token",
      "name": "main_vault",
      "provider": "provider[\"registry.terraform.io/hashicorp/hcp\"]",
      "instances": [
        {
          "schema_version": 0,
          "attributes": {
            "cluster_id": "main-vault",
            "created_at": "2022-11-18T00:57:50+07:00",
            "id": "/project/00779297-c2fe-4b30-bad1-1c0431c0ab4a/hashicorp.vault.cluster/main-vault/token",
            "timeouts": null,
            "token": "hvs.CAESINseJRj8eFGyzX08hAwWZh5n3fMYs_teoq9ca9zWtuS6GicKImh2cy5qOE9Sc1dXWFlmVFFYTTdSSm1Jcmh0TkIuU3lJVjgQ21Y"
          },
          "sensitive_attributes": [],
          "private": "eyJlMmJmYjczMC1lY2FhLTExZTYtOGY4OC0zNDM2M2JjN2M0YzAiOnsiY3JlYXRlIjozMDAwMDAwMDAwMDAsImRlbGV0ZSI6MzAwMDAwMDAwMDAwLCJyZWFkIjozMDAwMDAwMDAwMDB9fQ==",
          "dependencies": [
            "hcp_hvn.main",
            "hcp_vault_cluster.main"
          ]
        }
      ]
    },
    {
      "module": "module.ec2_instance",
      "mode": "data",
      "type": "aws_partition",
      "name": "current",
      "provider": "provider[\"registry.terraform.io/hashicorp/aws\"]",
      "instances": [
        {
          "schema_version": 0,
          "attributes": {
            "dns_suffix": "amazonaws.com",
            "id": "aws",
            "partition": "aws",
            "reverse_dns_prefix": "com.amazonaws"
          },
          "sensitive_attributes": []
        }
      ]
    },
    {
      "module": "module.ec2_instance",
      "mode": "data",
      "type": "aws_ssm_parameter",
      "name": "this",
      "provider": "provider[\"registry.terraform.io/hashicorp/aws\"]",
      "instances": [
        {
          "index_key": 0,
          "schema_version": 0,
          "attributes": {
            "arn": "arn:aws:ssm:us-west-2::parameter/aws/service/ami-amazon-linux-latest/amzn2-ami-hvm-x86_64-gp2",
            "id": "/aws/service/ami-amazon-linux-latest/amzn2-ami-hvm-x86_64-gp2",
            "name": "/aws/service/ami-amazon-linux-latest/amzn2-ami-hvm-x86_64-gp2",
            "type": "String",
            "value": "ami-08e4eaf54ff5ee95e",
            "version": 74,
            "with_decryption": true
          },
          "sensitive_attributes": []
        }
      ]
    },
    {
      "module": "module.ec2_instance",
      "mode": "managed",
      "type": "aws_instance",
      "name": "this",
      "provider": "provider[\"registry.terraform.io/hashicorp/aws\"]",
      "instances": [
        {
          "index_key": 0,
          "schema_version": 1,
          "attributes": {
            "ami": "ami-0d593311db5abb72b",
            "arn": "arn:aws:ec2:us-west-2:126531806131:instance/i-0cca9078f18cedf23",
            "associate_public_ip_address": true,
            "availability_zone": "us-west-2d",
            "capacity_reservation_specification": [
              {
                "capacity_reservation_preference": "open",
                "capacity_reservation_target": []
              }
            ],
            "cpu_core_count": 1,
            "cpu_threads_per_core": 2,
            "credit_specification": [
              {
                "cpu_credits": "unlimited"
              }
            ],
            "disable_api_stop": false,
            "disable_api_termination": false,
            "ebs_block_device": [],
            "ebs_optimized": false,
            "enclave_options": [
              {
                "enabled": false
              }
            ],
            "ephemeral_block_device": [],
            "get_password_data": false,
            "hibernation": false,
            "host_id": null,
            "host_resource_group_arn": null,
            "iam_instance_profile": "",
            "id": "i-0cca9078f18cedf23",
            "instance_initiated_shutdown_behavior": "stop",
            "instance_state": "running",
            "instance_type": "t3.micro",
            "ipv6_address_count": 0,
            "ipv6_addresses": [],
            "key_name": "demo-nodejs-key",
            "launch_template": [],
            "maintenance_options": [
              {
                "auto_recovery": "default"
              }
            ],
            "metadata_options": [
              {
                "http_endpoint": "enabled",
                "http_put_response_hop_limit": 1,
                "http_tokens": "optional",
                "instance_metadata_tags": "disabled"
              }
            ],
            "monitoring": true,
            "network_interface": [],
            "outpost_arn": "",
            "password_data": "",
            "placement_group": "",
            "placement_partition_number": null,
            "primary_network_interface_id": "eni-013f7783eaf74d9a9",
            "private_dns": "ip-10-2-1-91.us-west-2.compute.internal",
            "private_dns_name_options": [
              {
                "enable_resource_name_dns_a_record": false,
                "enable_resource_name_dns_aaaa_record": false,
                "hostname_type": "ip-name"
              }
            ],
            "private_ip": "10.2.1.91",
            "public_dns": "",
            "public_ip": "18.246.10.153",
            "root_block_device": [
              {
                "delete_on_termination": true,
                "device_name": "/dev/xvda",
                "encrypted": false,
                "iops": 100,
                "kms_key_id": "",
                "tags": {},
                "throughput": 0,
                "volume_id": "vol-0890295ea50d982b9",
                "volume_size": 8,
                "volume_type": "gp2"
              }
            ],
            "secondary_private_ips": [],
            "security_groups": [],
            "source_dest_check": true,
            "subnet_id": "subnet-0416190dbc0c8db53",
            "tags": {
              "Name": "demo-nodejs"
            },
            "tags_all": {
              "Name": "demo-nodejs"
            },
            "tenancy": "default",
            "timeouts": {
              "create": null,
              "delete": null,
              "update": null
            },
            "user_data": null,
            "user_data_base64": null,
            "user_data_replace_on_change": false,
            "volume_tags": {
              "Name": "demo-nodejs"
            },
            "vpc_security_group_ids": [
              "sg-077f254f7cf713dab"
            ]
          },
          "sensitive_attributes": [
            [
              {
                "type": "get_attr",
                "value": "ami"
              }
            ]
          ],
          "private": "eyJlMmJmYjczMC1lY2FhLTExZTYtOGY4OC0zNDM2M2JjN2M0YzAiOnsiY3JlYXRlIjo2MDAwMDAwMDAwMDAsImRlbGV0ZSI6MTIwMDAwMDAwMDAwMCwidXBkYXRlIjo2MDAwMDAwMDAwMDB9LCJzY2hlbWFfdmVyc2lvbiI6IjEifQ==",
          "dependencies": [
            "aws_key_pair.demo_nodejs_key",
            "aws_subnet.main",
            "aws_vpc.main",
            "module.ec2_instance.aws_iam_instance_profile.this",
            "module.ec2_instance.data.aws_ssm_parameter.this",
            "module.node_js_sg.aws_security_group.this",
            "module.node_js_sg.aws_security_group.this_name_prefix"
          ]
        }
      ]
    },
    {
      "module": "module.node_js_sg",
      "mode": "managed",
      "type": "aws_security_group",
      "name": "this_name_prefix",
      "provider": "provider[\"registry.terraform.io/hashicorp/aws\"]",
      "instances": [
        {
          "index_key": 0,
          "schema_version": 1,
          "attributes": {
            "arn": "arn:aws:ec2:us-west-2:126531806131:security-group/sg-077f254f7cf713dab",
            "description": "Security group for demo-nodejs",
            "egress": [],
            "id": "sg-077f254f7cf713dab",
            "ingress": [
              {
                "cidr_blocks": [
                  "0.0.0.0/0"
                ],
                "description": "SSH Allow",
                "from_port": 22,
                "ipv6_cidr_blocks": [],
                "prefix_list_ids": [],
                "protocol": "tcp",
                "security_groups": [],
                "self": false,
                "to_port": 22
              }
            ],
            "name": "demo-nodejs-sg-20221116184827522200000001",
            "name_prefix": "demo-nodejs-sg-",
            "owner_id": "126531806131",
            "revoke_rules_on_delete": false,
            "tags": {
              "Name": "demo-nodejs-sg"
            },
            "tags_all": {
              "Name": "demo-nodejs-sg"
            },
            "timeouts": {
              "create": "10m",
              "delete": "15m"
            },
            "vpc_id": "vpc-01d340dc4b3fc70e2"
          },
          "sensitive_attributes": [],
          "private": "eyJlMmJmYjczMC1lY2FhLTExZTYtOGY4OC0zNDM2M2JjN2M0YzAiOnsiY3JlYXRlIjo2MDAwMDAwMDAwMDAsImRlbGV0ZSI6OTAwMDAwMDAwMDAwfSwic2NoZW1hX3ZlcnNpb24iOiIxIn0=",
          "dependencies": [
            "aws_vpc.main"
          ],
          "create_before_destroy": true
        }
      ]
    },
    {
      "module": "module.node_js_sg",
      "mode": "managed",
      "type": "aws_security_group_rule",
      "name": "egress_with_cidr_blocks",
      "provider": "provider[\"registry.terraform.io/hashicorp/aws\"]",
      "instances": [
        {
          "index_key": 0,
          "schema_version": 2,
          "attributes": {
            "cidr_blocks": [
              "0.0.0.0/0"
            ],
            "description": "Allow All",
            "from_port": 0,
            "id": "sgrule-7940811",
            "ipv6_cidr_blocks": null,
            "prefix_list_ids": [],
            "protocol": "-1",
            "security_group_id": "sg-077f254f7cf713dab",
            "self": false,
            "source_security_group_id": null,
            "timeouts": null,
            "to_port": 0,
            "type": "egress"
          },
          "sensitive_attributes": [],
          "private": "eyJlMmJmYjczMC1lY2FhLTExZTYtOGY4OC0zNDM2M2JjN2M0YzAiOnsiY3JlYXRlIjozMDAwMDAwMDAwMDB9LCJzY2hlbWFfdmVyc2lvbiI6IjIifQ==",
          "dependencies": [
            "aws_vpc.main",
            "module.node_js_sg.aws_security_group.this",
            "module.node_js_sg.aws_security_group.this_name_prefix"
          ]
        }
      ]
    },
    {
      "module": "module.node_js_sg",
      "mode": "managed",
      "type": "aws_security_group_rule",
      "name": "ingress_with_cidr_blocks",
      "provider": "provider[\"registry.terraform.io/hashicorp/aws\"]",
      "instances": [
        {
          "index_key": 0,
          "schema_version": 2,
          "attributes": {
            "cidr_blocks": [
              "0.0.0.0/0"
            ],
            "description": "SSH Allow",
            "from_port": 22,
            "id": "sgrule-761624628",
            "ipv6_cidr_blocks": null,
            "prefix_list_ids": [],
            "protocol": "tcp",
            "security_group_id": "sg-077f254f7cf713dab",
            "self": false,
            "source_security_group_id": null,
            "timeouts": null,
            "to_port": 22,
            "type": "ingress"
          },
          "sensitive_attributes": [],
          "private": "eyJlMmJmYjczMC1lY2FhLTExZTYtOGY4OC0zNDM2M2JjN2M0YzAiOnsiY3JlYXRlIjozMDAwMDAwMDAwMDB9LCJzY2hlbWFfdmVyc2lvbiI6IjIifQ==",
          "dependencies": [
            "aws_vpc.main",
            "module.node_js_sg.aws_security_group.this",
            "module.node_js_sg.aws_security_group.this_name_prefix"
          ]
        }
      ]
    }
  ],
  "check_results": []
}
